
Microsoft Visual Studio Solution File, Format Version 12.00
# Visual Studio 15
VisualStudioVersion = 15.0.26430.6
MinimumVisualStudioVersion = 10.0.40219.1
Project("{9A19103F-16F7-4668-BE54-9A1E7A4F7556}") = "AigioSoft.Common", "AigioSoft.Common\AigioSoft.Common.csproj", "{3D609896-CC57-4908-8D53-8A3B25C41765}"
EndProject
Project("{9A19103F-16F7-4668-BE54-9A1E7A4F7556}") = "AigioSoft.Common.Mvc", "AigioSoft.Common.Mvc\AigioSoft.Common.Mvc.csproj", "{649A0275-F5A6-49EE-B9A3-7B07389524F6}"
EndProject
Project("{2150E333-8FDC-42A3-9474-1A3956D46DE8}") = "RootPath", "RootPath", "{BB5EF989-3713-4462-890A-6ABBC6EEBE97}"
	ProjectSection(SolutionItems) = preProject
		README.md = README.md
	EndProjectSection
EndProject
Project("{FAE04EC0-301F-11D3-BF4B-00C04F79EFBC}") = "AigioSoft.Common.Release", "AigioSoft.Common.Release\AigioSoft.Common.Release.csproj", "{5CFDF239-29D1-4341-9CFA-3B0697C465E0}"
EndProject
Project("{FAE04EC0-301F-11D3-BF4B-00C04F79EFBC}") = "AigioSoft.Common.UnitTest", "AigioSoft.Common.UnitTest\AigioSoft.Common.UnitTest.csproj", "{C50CC583-9086-4697-8798-CF8B5CE13EFF}"
EndProject
Project("{FAE04EC0-301F-11D3-BF4B-00C04F79EFBC}") = "AigioSoft.Common.UnitTest.Framework", "AigioSoft.Common.UnitTest.Framework\AigioSoft.Common.UnitTest.Framework.csproj", "{8C6CB418-F3F6-4B65-ACFC-66E2584D6535}"
EndProject
Global
	GlobalSection(SolutionConfigurationPlatforms) = preSolution
		Debug|Any CPU = Debug|Any CPU
		Release|Any CPU = Release|Any CPU
	EndGlobalSection
	GlobalSection(ProjectConfigurationPlatforms) = postSolution
		{3D609896-CC57-4908-8D53-8A3B25C41765}.Debug|Any CPU.ActiveCfg = Debug|Any CPU
		{3D609896-CC57-4908-8D53-8A3B25C41765}.Debug|Any CPU.Build.0 = Debug|Any CPU
		{3D609896-CC57-4908-8D53-8A3B25C41765}.Release|Any CPU.ActiveCfg = Release|Any CPU
		{3D609896-CC57-4908-8D53-8A3B25C41765}.Release|Any CPU.Build.0 = Release|Any CPU
		{649A0275-F5A6-49EE-B9A3-7B07389524F6}.Debug|Any CPU.ActiveCfg = Debug|Any CPU
		{649A0275-F5A6-49EE-B9A3-7B07389524F6}.Debug|Any CPU.Build.0 = Debug|Any CPU
		{649A0275-F5A6-49EE-B9A3-7B07389524F6}.Release|Any CPU.ActiveCfg = Release|Any CPU
		{649A0275-F5A6-49EE-B9A3-7B07389524F6}.Release|Any CPU.Build.0 = Release|Any CPU
		{5CFDF239-29D1-4341-9CFA-3B0697C465E0}.Debug|Any CPU.ActiveCfg = Debug|Any CPU
		{5CFDF239-29D1-4341-9CFA-3B0697C465E0}.Debug|Any CPU.Build.0 = Debug|Any CPU
		{5CFDF239-29D1-4341-9CFA-3B0697C465E0}.Release|Any CPU.ActiveCfg = Release|Any CPU
		{5CFDF239-29D1-4341-9CFA-3B0697C465E0}.Release|Any CPU.Build.0 = Release|Any CPU
		{C50CC583-9086-4697-8798-CF8B5CE13EFF}.Debug|Any CPU.ActiveCfg = Debug|Any CPU
		{C50CC583-9086-4697-8798-CF8B5CE13EFF}.Debug|Any CPU.Build.0 = Debug|Any CPU
		{C50CC583-9086-4697-8798-CF8B5CE13EFF}.Release|Any CPU.ActiveCfg = Release|Any CPU
		{C50CC583-9086-4697-8798-CF8B5CE13EFF}.Release|Any CPU.Build.0 = Release|Any CPU
		{8C6CB418-F3F6-4B65-ACFC-66E2584D6535}.Debug|Any CPU.ActiveCfg = Debug|Any CPU
		{8C6CB418-F3F6-4B65-ACFC-66E2584D6535}.Debug|Any CPU.Build.0 = Debug|Any CPU
		{8C6CB418-F3F6-4B65-ACFC-66E2584D6535}.Release|Any CPU.ActiveCfg = Release|Any CPU
		{8C6CB418-F3F6-4B65-ACFC-66E2584D6535}.Release|Any CPU.Build.0 = Release|Any CPU
	EndGlobalSection
	GlobalSection(SolutionProperties) = preSolution
		HideSolutionNode = FALSE
	EndGlobalSection
EndGlobal
